
Microsoft Visual Studio Solution File, Format Version 11.00
# Visual C# Express 2010
Project("{FAE04EC0-301F-11D3-BF4B-00C04F79EFBC}") = "2048Game", "2048Game\2048Game.csproj", "{DF637904-DA8B-401F-B229-A10D61861516}"
EndProject
Global
	GlobalSection(SolutionConfigurationPlatforms) = preSolution
		Debug|x86 = Debug|x86
		Release|x86 = Release|x86
	EndGlobalSection
	GlobalSection(ProjectConfigurationPlatforms) = postSolution
		{DF637904-DA8B-401F-B229-A10D61861516}.Debug|x86.ActiveCfg = Debug|x86
		{DF637904-DA8B-401F-B229-A10D61861516}.Debug|x86.Build.0 = Debug|x86
		{DF637904-DA8B-401F-B229-A10D61861516}.Release|x86.ActiveCfg = Release|x86
		{DF637904-DA8B-401F-B229-A10D61861516}.Release|x86.Build.0 = Release|x86
	EndGlobalSection
	GlobalSection(SolutionProperties) = preSolution
		HideSolutionNode = FALSE
	EndGlobalSection
EndGlobal
